// !$*UTF8*$!
{
	archiveVersion = 1;
	classes = {
	};
	objectVersion = 55;
	objects = {

/* Begin PBXBuildFile section */
		D58E93512917EB1700ED2AF6 /* RandomHeroCollectionViewCell.swift in Sources */ = {isa = PBXBuildFile; fileRef = D58E93502917EB1700ED2AF6 /* RandomHeroCollectionViewCell.swift */; };
		D5A5EEB7291D759900B6B649 /* HeroMarvelModel.swift in Sources */ = {isa = PBXBuildFile; fileRef = D5A5EEB6291D759900B6B649 /* HeroMarvelModel.swift */; };
		D5A5EEB9291D77D900B6B649 /* NetworkRequest.swift in Sources */ = {isa = PBXBuildFile; fileRef = D5A5EEB8291D77D900B6B649 /* NetworkRequest.swift */; };
		D5A5EEBB291D7B4B00B6B649 /* NetworkDataFetch.swift in Sources */ = {isa = PBXBuildFile; fileRef = D5A5EEBA291D7B4B00B6B649 /* NetworkDataFetch.swift */; };
		D5BE850A29103CA5002F6DAF /* DetailsHeroViewController.swift in Sources */ = {isa = PBXBuildFile; fileRef = D5BE850929103CA5002F6DAF /* DetailsHeroViewController.swift */; };
		D5CC87B8290971F3003066F2 /* AppDelegate.swift in Sources */ = {isa = PBXBuildFile; fileRef = D5CC87B7290971F3003066F2 /* AppDelegate.swift */; };
		D5CC87BC290971F3003066F2 /* MainViewController.swift in Sources */ = {isa = PBXBuildFile; fileRef = D5CC87BB290971F3003066F2 /* MainViewController.swift */; };
		D5CC87C1290971F5003066F2 /* Assets.xcassets in Resources */ = {isa = PBXBuildFile; fileRef = D5CC87C0290971F5003066F2 /* Assets.xcassets */; };
		D5CC87C4290971F5003066F2 /* LaunchScreen.storyboard in Resources */ = {isa = PBXBuildFile; fileRef = D5CC87C2290971F5003066F2 /* LaunchScreen.storyboard */; };
		D5CC87D5290BE4D6003066F2 /* HeroesCollectionViewCell.swift in Sources */ = {isa = PBXBuildFile; fileRef = D5CC87D4290BE4D6003066F2 /* HeroesCollectionViewCell.swift */; };
		D5FFB7CF29201FCE0020222B /* NetworkImageFetch.swift in Sources */ = {isa = PBXBuildFile; fileRef = D5FFB7CE29201FCE0020222B /* NetworkImageFetch.swift */; };
/* End PBXBuildFile section */

/* Begin PBXFileReference section */
		D58E93502917EB1700ED2AF6 /* RandomHeroCollectionViewCell.swift */ = {isa = PBXFileReference; lastKnownFileType = sourcecode.swift; path = RandomHeroCollectionViewCell.swift; sourceTree = "<group>"; };
		D5A5EEB6291D759900B6B649 /* HeroMarvelModel.swift */ = {isa = PBXFileReference; lastKnownFileType = sourcecode.swift; path = HeroMarvelModel.swift; sourceTree = "<group>"; };
		D5A5EEB8291D77D900B6B649 /* NetworkRequest.swift */ = {isa = PBXFileReference; lastKnownFileType = sourcecode.swift; path = NetworkRequest.swift; sourceTree = "<group>"; };
		D5A5EEBA291D7B4B00B6B649 /* NetworkDataFetch.swift */ = {isa = PBXFileReference; lastKnownFileType = sourcecode.swift; path = NetworkDataFetch.swift; sourceTree = "<group>"; };
		D5BE850929103CA5002F6DAF /* DetailsHeroViewController.swift */ = {isa = PBXFileReference; lastKnownFileType = sourcecode.swift; path = DetailsHeroViewController.swift; sourceTree = "<group>"; };
		D5CC87B4290971F3003066F2 /* Marvelgram.app */ = {isa = PBXFileReference; explicitFileType = wrapper.application; includeInIndex = 0; path = Marvelgram.app; sourceTree = BUILT_PRODUCTS_DIR; };
		D5CC87B7290971F3003066F2 /* AppDelegate.swift */ = {isa = PBXFileReference; lastKnownFileType = sourcecode.swift; path = AppDelegate.swift; sourceTree = "<group>"; };
		D5CC87BB290971F3003066F2 /* MainViewController.swift */ = {isa = PBXFileReference; lastKnownFileType = sourcecode.swift; path = MainViewController.swift; sourceTree = "<group>"; };
		D5CC87C0290971F5003066F2 /* Assets.xcassets */ = {isa = PBXFileReference; lastKnownFileType = folder.assetcatalog; path = Assets.xcassets; sourceTree = "<group>"; };
		D5CC87C3290971F5003066F2 /* Base */ = {isa = PBXFileReference; lastKnownFileType = file.storyboard; name = Base; path = Base.lproj/LaunchScreen.storyboard; sourceTree = "<group>"; };
		D5CC87C5290971F5003066F2 /* Info.plist */ = {isa = PBXFileReference; lastKnownFileType = text.plist.xml; path = Info.plist; sourceTree = "<group>"; };
		D5CC87D4290BE4D6003066F2 /* HeroesCollectionViewCell.swift */ = {isa = PBXFileReference; lastKnownFileType = sourcecode.swift; path = HeroesCollectionViewCell.swift; sourceTree = "<group>"; };
		D5FFB7CE29201FCE0020222B /* NetworkImageFetch.swift */ = {isa = PBXFileReference; lastKnownFileType = sourcecode.swift; path = NetworkImageFetch.swift; sourceTree = "<group>"; };
/* End PBXFileReference section */

/* Begin PBXFrameworksBuildPhase section */
		D5CC87B1290971F3003066F2 /* Frameworks */ = {
			isa = PBXFrameworksBuildPhase;
			buildActionMask = 2147483647;
			files = (
			);
			runOnlyForDeploymentPostprocessing = 0;
		};
/* End PBXFrameworksBuildPhase section */

/* Begin PBXGroup section */
		D5CC87AB290971F3003066F2 = {
			isa = PBXGroup;
			children = (
				D5CC87B6290971F3003066F2 /* Marvelgram */,
				D5CC87B5290971F3003066F2 /* Products */,
			);
			sourceTree = "<group>";
		};
		D5CC87B5290971F3003066F2 /* Products */ = {
			isa = PBXGroup;
			children = (
				D5CC87B4290971F3003066F2 /* Marvelgram.app */,
			);
			name = Products;
			sourceTree = "<group>";
		};
		D5CC87B6290971F3003066F2 /* Marvelgram */ = {
			isa = PBXGroup;
			children = (
				D5CC87CB29097472003066F2 /* Aplication */,
				D5CC87CC290974A5003066F2 /* Models */,
				D5CC87D02909750C003066F2 /* Views */,
				D5CC87D129097530003066F2 /* Controllers */,
				D5CC87D229097541003066F2 /* Network */,
				D5CC87D32909755D003066F2 /* Resourses */,
			);
			path = Marvelgram;
			sourceTree = "<group>";
		};
		D5CC87CB29097472003066F2 /* Aplication */ = {
			isa = PBXGroup;
			children = (
				D5CC87B7290971F3003066F2 /* AppDelegate.swift */,
			);
			path = Aplication;
			sourceTree = "<group>";
		};
		D5CC87CC290974A5003066F2 /* Models */ = {
			isa = PBXGroup;
			children = (
				D5A5EEB6291D759900B6B649 /* HeroMarvelModel.swift */,
			);
			path = Models;
			sourceTree = "<group>";
		};
		D5CC87D02909750C003066F2 /* Views */ = {
			isa = PBXGroup;
			children = (
				D5CC87D4290BE4D6003066F2 /* HeroesCollectionViewCell.swift */,
				D58E93502917EB1700ED2AF6 /* RandomHeroCollectionViewCell.swift */,
			);
			path = Views;
			sourceTree = "<group>";
		};
		D5CC87D129097530003066F2 /* Controllers */ = {
			isa = PBXGroup;
			children = (
				D5CC87BB290971F3003066F2 /* MainViewController.swift */,
				D5BE850929103CA5002F6DAF /* DetailsHeroViewController.swift */,
			);
			path = Controllers;
			sourceTree = "<group>";
		};
		D5CC87D229097541003066F2 /* Network */ = {
			isa = PBXGroup;
			children = (
				D5A5EEB8291D77D900B6B649 /* NetworkRequest.swift */,
				D5A5EEBA291D7B4B00B6B649 /* NetworkDataFetch.swift */,
				D5FFB7CE29201FCE0020222B /* NetworkImageFetch.swift */,
			);
			path = Network;
			sourceTree = "<group>";
		};
		D5CC87D32909755D003066F2 /* Resourses */ = {
			isa = PBXGroup;
			children = (
				D5CC87C0290971F5003066F2 /* Assets.xcassets */,
				D5CC87C2290971F5003066F2 /* LaunchScreen.storyboard */,
				D5CC87C5290971F5003066F2 /* Info.plist */,
			);
			path = Resourses;
			sourceTree = "<group>";
		};
/* End PBXGroup section */

/* Begin PBXNativeTarget section */
		D5CC87B3290971F3003066F2 /* Marvelgram */ = {
			isa = PBXNativeTarget;
			buildConfigurationList = D5CC87C8290971F5003066F2 /* Build configuration list for PBXNativeTarget "Marvelgram" */;
			buildPhases = (
				D5CC87B0290971F3003066F2 /* Sources */,
				D5CC87B1290971F3003066F2 /* Frameworks */,
				D5CC87B2290971F3003066F2 /* Resources */,
			);
			buildRules = (
			);
			dependencies = (
			);
			name = Marvelgram;
			productName = Marvelgram;
			productReference = D5CC87B4290971F3003066F2 /* Marvelgram.app */;
			productType = "com.apple.product-type.application";
		};
/* End PBXNativeTarget section */

/* Begin PBXProject section */
		D5CC87AC290971F3003066F2 /* Project object */ = {
			isa = PBXProject;
			attributes = {
				BuildIndependentTargetsInParallel = 1;
				LastSwiftUpdateCheck = 1340;
				LastUpgradeCheck = 1340;
				TargetAttributes = {
					D5CC87B3290971F3003066F2 = {
						CreatedOnToolsVersion = 13.4.1;
					};
				};
			};
			buildConfigurationList = D5CC87AF290971F3003066F2 /* Build configuration list for PBXProject "Marvelgram" */;
			compatibilityVersion = "Xcode 13.0";
			developmentRegion = en;
			hasScannedForEncodings = 0;
			knownRegions = (
				en,
				Base,
			);
			mainGroup = D5CC87AB290971F3003066F2;
			productRefGroup = D5CC87B5290971F3003066F2 /* Products */;
			projectDirPath = "";
			projectRoot = "";
			targets = (
				D5CC87B3290971F3003066F2 /* Marvelgram */,
			);
		};
/* End PBXProject section */

/* Begin PBXResourcesBuildPhase section */
		D5CC87B2290971F3003066F2 /* Resources */ = {
			isa = PBXResourcesBuildPhase;
			buildActionMask = 2147483647;
			files = (
				D5CC87C4290971F5003066F2 /* LaunchScreen.storyboard in Resources */,
				D5CC87C1290971F5003066F2 /* Assets.xcassets in Resources */,
			);
			runOnlyForDeploymentPostprocessing = 0;
		};
/* End PBXResourcesBuildPhase section */

/* Begin PBXSourcesBuildPhase section */
		D5CC87B0290971F3003066F2 /* Sources */ = {
			isa = PBXSourcesBuildPhase;
			buildActionMask = 2147483647;
			files = (
				D5CC87BC290971F3003066F2 /* MainViewController.swift in Sources */,
				D5A5EEB7291D759900B6B649 /* HeroMarvelModel.swift in Sources */,
				D5A5EEB9291D77D900B6B649 /* NetworkRequest.swift in Sources */,
				D58E93512917EB1700ED2AF6 /* RandomHeroCollectionViewCell.swift in Sources */,
				D5CC87B8290971F3003066F2 /* AppDelegate.swift in Sources */,
				D5BE850A29103CA5002F6DAF /* DetailsHeroViewController.swift in Sources */,
				D5A5EEBB291D7B4B00B6B649 /* NetworkDataFetch.swift in Sources */,
				D5FFB7CF29201FCE0020222B /* NetworkImageFetch.swift in Sources */,
				D5CC87D5290BE4D6003066F2 /* HeroesCollectionViewCell.swift in Sources */,
			);
			runOnlyForDeploymentPostprocessing = 0;
		};
/* End PBXSourcesBuildPhase section */

/* Begin PBXVariantGroup section */
		D5CC87C2290971F5003066F2 /* LaunchScreen.storyboard */ = {
			isa = PBXVariantGroup;
			children = (
				D5CC87C3290971F5003066F2 /* Base */,
			);
			name = LaunchScreen.storyboard;
			sourceTree = "<group>";
		};
/* End PBXVariantGroup section */

/* Begin XCBuildConfiguration section */
		D5CC87C6290971F5003066F2 /* Debug */ = {
			isa = XCBuildConfiguration;
			buildSettings = {
				ALWAYS_SEARCH_USER_PATHS = NO;
				CLANG_ANALYZER_NONNULL = YES;
				CLANG_ANALYZER_NUMBER_OBJECT_CONVERSION = YES_AGGRESSIVE;
				CLANG_CXX_LANGUAGE_STANDARD = "gnu++17";
				CLANG_ENABLE_MODULES = YES;
				CLANG_ENABLE_OBJC_ARC = YES;
				CLANG_ENABLE_OBJC_WEAK = YES;
				CLANG_WARN_BLOCK_CAPTURE_AUTORELEASING = YES;
				CLANG_WARN_BOOL_CONVERSION = YES;
				CLANG_WARN_COMMA = YES;
				CLANG_WARN_CONSTANT_CONVERSION = YES;
				CLANG_WARN_DEPRECATED_OBJC_IMPLEMENTATIONS = YES;
				CLANG_WARN_DIRECT_OBJC_ISA_USAGE = YES_ERROR;
				CLANG_WARN_DOCUMENTATION_COMMENTS = YES;
				CLANG_WARN_EMPTY_BODY = YES;
				CLANG_WARN_ENUM_CONVERSION = YES;
				CLANG_WARN_INFINITE_RECURSION = YES;
				CLANG_WARN_INT_CONVERSION = YES;
				CLANG_WARN_NON_LITERAL_NULL_CONVERSION = YES;
				CLANG_WARN_OBJC_IMPLICIT_RETAIN_SELF = YES;
				CLANG_WARN_OBJC_LITERAL_CONVERSION = YES;
				CLANG_WARN_OBJC_ROOT_CLASS = YES_ERROR;
				CLANG_WARN_QUOTED_INCLUDE_IN_FRAMEWORK_HEADER = YES;
				CLANG_WARN_RANGE_LOOP_ANALYSIS = YES;
				CLANG_WARN_STRICT_PROTOTYPES = YES;
				CLANG_WARN_SUSPICIOUS_MOVE = YES;
				CLANG_WARN_UNGUARDED_AVAILABILITY = YES_AGGRESSIVE;
				CLANG_WARN_UNREACHABLE_CODE = YES;
				CLANG_WARN__DUPLICATE_METHOD_MATCH = YES;
				COPY_PHASE_STRIP = NO;
				DEBUG_INFORMATION_FORMAT = dwarf;
				ENABLE_STRICT_OBJC_MSGSEND = YES;
				ENABLE_TESTABILITY = YES;
				GCC_C_LANGUAGE_STANDARD = gnu11;
				GCC_DYNAMIC_NO_PIC = NO;
				GCC_NO_COMMON_BLOCKS = YES;
				GCC_OPTIMIZATION_LEVEL = 0;
				GCC_PREPROCESSOR_DEFINITIONS = (
					"DEBUG=1",
					"$(inherited)",
				);
				GCC_WARN_64_TO_32_BIT_CONVERSION = YES;
				GCC_WARN_ABOUT_RETURN_TYPE = YES_ERROR;
				GCC_WARN_UNDECLARED_SELECTOR = YES;
				GCC_WARN_UNINITIALIZED_AUTOS = YES_AGGRESSIVE;
				GCC_WARN_UNUSED_FUNCTION = YES;
				GCC_WARN_UNUSED_VARIABLE = YES;
				IPHONEOS_DEPLOYMENT_TARGET = 12.0;
				MTL_ENABLE_DEBUG_INFO = INCLUDE_SOURCE;
				MTL_FAST_MATH = YES;
				ONLY_ACTIVE_ARCH = YES;
				SDKROOT = iphoneos;
				SWIFT_ACTIVE_COMPILATION_CONDITIONS = DEBUG;
				SWIFT_OPTIMIZATION_LEVEL = "-Onone";
			};
			name = Debug;
		};
		D5CC87C7290971F5003066F2 /* Release */ = {
			isa = XCBuildConfiguration;
			buildSettings = {
				ALWAYS_SEARCH_USER_PATHS = NO;
				CLANG_ANALYZER_NONNULL = YES;
				CLANG_ANALYZER_NUMBER_OBJECT_CONVERSION = YES_AGGRESSIVE;
				CLANG_CXX_LANGUAGE_STANDARD = "gnu++17";
				CLANG_ENABLE_MODULES = YES;
				CLANG_ENABLE_OBJC_ARC = YES;
				CLANG_ENABLE_OBJC_WEAK = YES;
				CLANG_WARN_BLOCK_CAPTURE_AUTORELEASING = YES;
				CLANG_WARN_BOOL_CONVERSION = YES;
				CLANG_WARN_COMMA = YES;
				CLANG_WARN_CONSTANT_CONVERSION = YES;
				CLANG_WARN_DEPRECATED_OBJC_IMPLEMENTATIONS = YES;
				CLANG_WARN_DIRECT_OBJC_ISA_USAGE = YES_ERROR;
				CLANG_WARN_DOCUMENTATION_COMMENTS = YES;
				CLANG_WARN_EMPTY_BODY = YES;
				CLANG_WARN_ENUM_CONVERSION = YES;
				CLANG_WARN_INFINITE_RECURSION = YES;
				CLANG_WARN_INT_CONVERSION = YES;
				CLANG_WARN_NON_LITERAL_NULL_CONVERSION = YES;
				CLANG_WARN_OBJC_IMPLICIT_RETAIN_SELF = YES;
				CLANG_WARN_OBJC_LITERAL_CONVERSION = YES;
				CLANG_WARN_OBJC_ROOT_CLASS = YES_ERROR;
				CLANG_WARN_QUOTED_INCLUDE_IN_FRAMEWORK_HEADER = YES;
				CLANG_WARN_RANGE_LOOP_ANALYSIS = YES;
				CLANG_WARN_STRICT_PROTOTYPES = YES;
				CLANG_WARN_SUSPICIOUS_MOVE = YES;
				CLANG_WARN_UNGUARDED_AVAILABILITY = YES_AGGRESSIVE;
				CLANG_WARN_UNREACHABLE_CODE = YES;
				CLANG_WARN__DUPLICATE_METHOD_MATCH = YES;
				COPY_PHASE_STRIP = NO;
				DEBUG_INFORMATION_FORMAT = "dwarf-with-dsym";
				ENABLE_NS_ASSERTIONS = NO;
				ENABLE_STRICT_OBJC_MSGSEND = YES;
				GCC_C_LANGUAGE_STANDARD = gnu11;
				GCC_NO_COMMON_BLOCKS = YES;
				GCC_WARN_64_TO_32_BIT_CONVERSION = YES;
				GCC_WARN_ABOUT_RETURN_TYPE = YES_ERROR;
				GCC_WARN_UNDECLARED_SELECTOR = YES;
				GCC_WARN_UNINITIALIZED_AUTOS = YES_AGGRESSIVE;
				GCC_WARN_UNUSED_FUNCTION = YES;
				GCC_WARN_UNUSED_VARIABLE = YES;
				IPHONEOS_DEPLOYMENT_TARGET = 12.0;
				MTL_ENABLE_DEBUG_INFO = NO;
				MTL_FAST_MATH = YES;
				SDKROOT = iphoneos;
				SWIFT_COMPILATION_MODE = wholemodule;
				SWIFT_OPTIMIZATION_LEVEL = "-O";
				VALIDATE_PRODUCT = YES;
			};
			name = Release;
		};
		D5CC87C9290971F5003066F2 /* Debug */ = {
			isa = XCBuildConfiguration;
			buildSettings = {
				ASSETCATALOG_COMPILER_APPICON_NAME = AppIcon;
				ASSETCATALOG_COMPILER_GLOBAL_ACCENT_COLOR_NAME = AccentColor;
				CODE_SIGN_STYLE = Automatic;
				CURRENT_PROJECT_VERSION = 1;
				DEVELOPMENT_TEAM = S289H73LAP;
				GENERATE_INFOPLIST_FILE = YES;
				INFOPLIST_FILE = Marvelgram/Resourses/Info.plist;
				INFOPLIST_KEY_UIApplicationSupportsIndirectInputEvents = YES;
				INFOPLIST_KEY_UILaunchStoryboardName = LaunchScreen;
				INFOPLIST_KEY_UISupportedInterfaceOrientations = UIInterfaceOrientationPortrait;
				INFOPLIST_KEY_UISupportedInterfaceOrientations_iPad = "UIInterfaceOrientationPortrait UIInterfaceOrientationPortraitUpsideDown UIInterfaceOrientationLandscapeLeft UIInterfaceOrientationLandscapeRight";
				INFOPLIST_KEY_UISupportedInterfaceOrientations_iPhone = "UIInterfaceOrientationPortrait UIInterfaceOrientationLandscapeLeft UIInterfaceOrientationLandscapeRight";
				LD_RUNPATH_SEARCH_PATHS = (
					"$(inherited)",
					"@executable_path/Frameworks",
				);
				MARKETING_VERSION = 1.0;
				PRODUCT_BUNDLE_IDENTIFIER = "Elisey-Konovalov.Marvelgram";
				PRODUCT_NAME = "$(TARGET_NAME)";
				SWIFT_EMIT_LOC_STRINGS = YES;
				SWIFT_VERSION = 5.0;
				TARGETED_DEVICE_FAMILY = "1,2";
			};
			name = Debug;
		};
		D5CC87CA290971F5003066F2 /* Release */ = {
			isa = XCBuildConfiguration;
			buildSettings = {
				ASSETCATALOG_COMPILER_APPICON_NAME = AppIcon;
				ASSETCATALOG_COMPILER_GLOBAL_ACCENT_COLOR_NAME = AccentColor;
				CODE_SIGN_STYLE = Automatic;
				CURRENT_PROJECT_VERSION = 1;
				DEVELOPMENT_TEAM = S289H73LAP;
				GENERATE_INFOPLIST_FILE = YES;
				INFOPLIST_FILE = Marvelgram/Resourses/Info.plist;
				INFOPLIST_KEY_UIApplicationSupportsIndirectInputEvents = YES;
				INFOPLIST_KEY_UILaunchStoryboardName = LaunchScreen;
				INFOPLIST_KEY_UISupportedInterfaceOrientations = UIInterfaceOrientationPortrait;
				INFOPLIST_KEY_UISupportedInterfaceOrientations_iPad = "UIInterfaceOrientationPortrait UIInterfaceOrientationPortraitUpsideDown UIInterfaceOrientationLandscapeLeft UIInterfaceOrientationLandscapeRight";
				INFOPLIST_KEY_UISupportedInterfaceOrientations_iPhone = "UIInterfaceOrientationPortrait UIInterfaceOrientationLandscapeLeft UIInterfaceOrientationLandscapeRight";
				LD_RUNPATH_SEARCH_PATHS = (
					"$(inherited)",
					"@executable_path/Frameworks",
				);
				MARKETING_VERSION = 1.0;
				PRODUCT_BUNDLE_IDENTIFIER = "Elisey-Konovalov.Marvelgram";
				PRODUCT_NAME = "$(TARGET_NAME)";
				SWIFT_EMIT_LOC_STRINGS = YES;
				SWIFT_VERSION = 5.0;
				TARGETED_DEVICE_FAMILY = "1,2";
			};
			name = Release;
		};
/* End XCBuildConfiguration section */

/* Begin XCConfigurationList section */
		D5CC87AF290971F3003066F2 /* Build configuration list for PBXProject "Marvelgram" */ = {
			isa = XCConfigurationList;
			buildConfigurations = (
				D5CC87C6290971F5003066F2 /* Debug */,
				D5CC87C7290971F5003066F2 /* Release */,
			);
			defaultConfigurationIsVisible = 0;
			defaultConfigurationName = Release;
		};
		D5CC87C8290971F5003066F2 /* Build configuration list for PBXNativeTarget "Marvelgram" */ = {
			isa = XCConfigurationList;
			buildConfigurations = (
				D5CC87C9290971F5003066F2 /* Debug */,
				D5CC87CA290971F5003066F2 /* Release */,
			);
			defaultConfigurationIsVisible = 0;
			defaultConfigurationName = Release;
		};
/* End XCConfigurationList section */
	};
	rootObject = D5CC87AC290971F3003066F2 /* Project object */;
}
